<?xml version="1.0" encoding="UTF-8"?>
<Solution>
	<Configurations>
		<BuildType Name="Debug"/>
		<BuildType Name="Profile"/>
		<BuildType Name="Release"/>
		<Platform Name="x64"/>
	</Configurations>
	<Project Path="ALL_BUILD.vcxproj" Type="8bc9ceb8-8b4a-11d0-8d11-00a0c91bc942" Id="4f73789c-6d08-3db0-9c85-23c2a178ef81" DefaultStartup="true">
		<BuildDependency Project="ZERO_CHECK.vcxproj"/>
		<BuildDependency Project="runner/amc8.vcxproj"/>
		<BuildDependency Project="flutter/flutter_wrapper_app.vcxproj"/>
		<BuildDependency Project="flutter/flutter_wrapper_plugin.vcxproj"/>
	</Project>
	<Project Path="INSTALL.vcxproj" Type="8bc9ceb8-8b4a-11d0-8d11-00a0c91bc942" Id="5bf43784-195b-30bf-9b39-0a345d1d7a4c">
		<BuildDependency Project="ALL_BUILD.vcxproj"/>
		<BuildDependency Project="ZERO_CHECK.vcxproj"/>
	</Project>
	<Project Path="ZERO_CHECK.vcxproj" Type="8bc9ceb8-8b4a-11d0-8d11-00a0c91bc942" Id="6aa1120f-71ab-370d-aa73-37e105d7c37f"/>
	<Project Path="runner/amc8.vcxproj" Type="8bc9ceb8-8b4a-11d0-8d11-00a0c91bc942" Id="2fc4655e-0002-348e-98d8-2e57f1c232ad">
		<BuildDependency Project="ZERO_CHECK.vcxproj"/>
		<BuildDependency Project="flutter/flutter_assemble.vcxproj"/>
		<BuildDependency Project="flutter/flutter_wrapper_app.vcxproj"/>
	</Project>
	<Project Path="flutter/flutter_assemble.vcxproj" Type="8bc9ceb8-8b4a-11d0-8d11-00a0c91bc942" Id="a78e54c5-caf1-3e35-82ae-48ff9ca2f855">
		<BuildDependency Project="ZERO_CHECK.vcxproj"/>
	</Project>
	<Project Path="flutter/flutter_wrapper_app.vcxproj" Type="8bc9ceb8-8b4a-11d0-8d11-00a0c91bc942" Id="8acbc14e-be78-3bac-b83a-7269537c3a24">
		<BuildDependency Project="ZERO_CHECK.vcxproj"/>
		<BuildDependency Project="flutter/flutter_assemble.vcxproj"/>
	</Project>
	<Project Path="flutter/flutter_wrapper_plugin.vcxproj" Type="8bc9ceb8-8b4a-11d0-8d11-00a0c91bc942" Id="4627882c-d4e9-3dcb-80ea-d6b3641ef0ea">
		<BuildDependency Project="ZERO_CHECK.vcxproj"/>
		<BuildDependency Project="flutter/flutter_assemble.vcxproj"/>
	</Project>
</Solution>
