<?xml version="1.0" encoding="utf-8"?>
<Project ToolsVersion="18.0" xmlns="http://schemas.microsoft.com/developer/msbuild/2003">
  <ItemGroup>
    <CustomBuild Include="C:\Bing Cursor\amc8\build\windows\x64\CMakeFiles\7c02166e4716b0a7359503f97dc7c72e\generate.stamp.rule">
      <Filter>CMake Rules</Filter>
    </CustomBuild>
  </ItemGroup>
  <ItemGroup>
    <Filter Include="CMake Rules">
      <UniqueIdentifier>{BCF5F6D5-D181-3004-B15B-E6FFED07C3C3}</UniqueIdentifier>
    </Filter>
  </ItemGroup>
</Project>
